
Microsoft Visual Studio Solution File, Format Version 12.00
# Visual Studio Version 17
VisualStudioVersion = 17.7.34024.191
MinimumVisualStudioVersion = 10.0.40219.1
Project("{FAE04EC0-301F-11D3-BF4B-00C04F79EFBC}") = "WpfApp_kafedra", "WpfApp_kafedra\WpfApp_kafedra.csproj", "{BA8839A4-D0B8-48CE-8239-5CDD42DF4B09}"
EndProject
Global
	GlobalSection(SolutionConfigurationPlatforms) = preSolution
		Debug|Any CPU = Debug|Any CPU
		Release|Any CPU = Release|Any CPU
	EndGlobalSection
	GlobalSection(ProjectConfigurationPlatforms) = postSolution
		{BA8839A4-D0B8-48CE-8239-5CDD42DF4B09}.Debug|Any CPU.ActiveCfg = Debug|Any CPU
		{BA8839A4-D0B8-48CE-8239-5CDD42DF4B09}.Debug|Any CPU.Build.0 = Debug|Any CPU
		{BA8839A4-D0B8-48CE-8239-5CDD42DF4B09}.Release|Any CPU.ActiveCfg = Release|Any CPU
		{BA8839A4-D0B8-48CE-8239-5CDD42DF4B09}.Release|Any CPU.Build.0 = Release|Any CPU
	EndGlobalSection
	GlobalSection(SolutionProperties) = preSolution
		HideSolutionNode = FALSE
	EndGlobalSection
	GlobalSection(ExtensibilityGlobals) = postSolution
		SolutionGuid = {50930A82-1AE6-4CFE-9B50-50DF4F75DABD}
	EndGlobalSection
EndGlobal
